Microsoft Visual Studio Solution File, Format Version 12.00
# Visual Studio 2012
Project("{FAE04EC0-301F-11D3-BF4B-00C04F79EFBC}") = "Pixel Adventure", "Pixel Adventure.csproj", "{2EEE366A-2355-4E02-A9AC-88ADB580E09C}"
EndProject
Global
	GlobalSection(SolutionConfigurationPlatforms) = preSolution
	Debug|Any CPU = Debug|Any CPU
	ExportDebug|Any CPU = ExportDebug|Any CPU
	ExportRelease|Any CPU = ExportRelease|Any CPU
	EndGlobalSection
	GlobalSection(ProjectConfigurationPlatforms) = postSolution
		{2EEE366A-2355-4E02-A9AC-88ADB580E09C}.Debug|Any CPU.ActiveCfg = Debug|Any CPU
		{2EEE366A-2355-4E02-A9AC-88ADB580E09C}.Debug|Any CPU.Build.0 = Debug|Any CPU
		{2EEE366A-2355-4E02-A9AC-88ADB580E09C}.ExportDebug|Any CPU.ActiveCfg = ExportDebug|Any CPU
		{2EEE366A-2355-4E02-A9AC-88ADB580E09C}.ExportDebug|Any CPU.Build.0 = ExportDebug|Any CPU
		{2EEE366A-2355-4E02-A9AC-88ADB580E09C}.ExportRelease|Any CPU.ActiveCfg = ExportRelease|Any CPU
		{2EEE366A-2355-4E02-A9AC-88ADB580E09C}.ExportRelease|Any CPU.Build.0 = ExportRelease|Any CPU
	EndGlobalSection
EndGlobal
